
Microsoft Visual Studio Solution File, Format Version 12.00
# Visual Studio Version 17
VisualStudioVersion = 17.0.31903.59
MinimumVisualStudioVersion = 10.0.40219.1
Project("{FAE04EC0-301F-11D3-BF4B-00C04F79EFBC}") = "Client", "Client\Client.csproj", "{A42B7C5B-78B4-466E-9CF8-77EC8D924092}"
EndProject
Project("{FAE04EC0-301F-11D3-BF4B-00C04F79EFBC}") = "Server", "Server\Server.csproj", "{44AE8264-42B0-4C9B-8C68-682A20EC0F0D}"
EndProject
Global
	GlobalSection(SolutionConfigurationPlatforms) = preSolution
		Debug|Any CPU = Debug|Any CPU
		Release|Any CPU = Release|Any CPU
	EndGlobalSection
	GlobalSection(SolutionProperties) = preSolution
		HideSolutionNode = FALSE
	EndGlobalSection
	GlobalSection(ProjectConfigurationPlatforms) = postSolution
		{A42B7C5B-78B4-466E-9CF8-77EC8D924092}.Debug|Any CPU.ActiveCfg = Debug|Any CPU
		{A42B7C5B-78B4-466E-9CF8-77EC8D924092}.Debug|Any CPU.Build.0 = Debug|Any CPU
		{A42B7C5B-78B4-466E-9CF8-77EC8D924092}.Release|Any CPU.ActiveCfg = Release|Any CPU
		{A42B7C5B-78B4-466E-9CF8-77EC8D924092}.Release|Any CPU.Build.0 = Release|Any CPU
		{44AE8264-42B0-4C9B-8C68-682A20EC0F0D}.Debug|Any CPU.ActiveCfg = Debug|Any CPU
		{44AE8264-42B0-4C9B-8C68-682A20EC0F0D}.Debug|Any CPU.Build.0 = Debug|Any CPU
		{44AE8264-42B0-4C9B-8C68-682A20EC0F0D}.Release|Any CPU.ActiveCfg = Release|Any CPU
		{44AE8264-42B0-4C9B-8C68-682A20EC0F0D}.Release|Any CPU.Build.0 = Release|Any CPU
	EndGlobalSection
EndGlobal
